
Microsoft Visual Studio Solution File, Format Version 12.00
# Visual Studio 2013
VisualStudioVersion = 12.0.31101.0
MinimumVisualStudioVersion = 10.0.40219.1
Project("{FAE04EC0-301F-11D3-BF4B-00C04F79EFBC}") = "Refactoring", "Refactoring\Refactoring.csproj", "{488ACA19-E500-4A21-8919-8A46E81ECE21}"
EndProject
Project("{FAE04EC0-301F-11D3-BF4B-00C04F79EFBC}") = "StudentSystem", "StudentSystem\StudentSystem.csproj", "{37530A27-FDCE-4557-B849-7CE8FCF7129B}"
EndProject
Project("{FAE04EC0-301F-11D3-BF4B-00C04F79EFBC}") = "LinkedIn", "LinkedIn\LinkedIn.csproj", "{9C455F6C-39F7-4E48-9D71-E0F3758083B6}"
EndProject
Global
	GlobalSection(SolutionConfigurationPlatforms) = preSolution
		Debug|Any CPU = Debug|Any CPU
		Release|Any CPU = Release|Any CPU
	EndGlobalSection
	GlobalSection(ProjectConfigurationPlatforms) = postSolution
		{488ACA19-E500-4A21-8919-8A46E81ECE21}.Debug|Any CPU.ActiveCfg = Debug|Any CPU
		{488ACA19-E500-4A21-8919-8A46E81ECE21}.Debug|Any CPU.Build.0 = Debug|Any CPU
		{488ACA19-E500-4A21-8919-8A46E81ECE21}.Release|Any CPU.ActiveCfg = Release|Any CPU
		{488ACA19-E500-4A21-8919-8A46E81ECE21}.Release|Any CPU.Build.0 = Release|Any CPU
		{37530A27-FDCE-4557-B849-7CE8FCF7129B}.Debug|Any CPU.ActiveCfg = Debug|Any CPU
		{37530A27-FDCE-4557-B849-7CE8FCF7129B}.Debug|Any CPU.Build.0 = Debug|Any CPU
		{37530A27-FDCE-4557-B849-7CE8FCF7129B}.Release|Any CPU.ActiveCfg = Release|Any CPU
		{37530A27-FDCE-4557-B849-7CE8FCF7129B}.Release|Any CPU.Build.0 = Release|Any CPU
		{9C455F6C-39F7-4E48-9D71-E0F3758083B6}.Debug|Any CPU.ActiveCfg = Debug|Any CPU
		{9C455F6C-39F7-4E48-9D71-E0F3758083B6}.Debug|Any CPU.Build.0 = Debug|Any CPU
		{9C455F6C-39F7-4E48-9D71-E0F3758083B6}.Release|Any CPU.ActiveCfg = Release|Any CPU
		{9C455F6C-39F7-4E48-9D71-E0F3758083B6}.Release|Any CPU.Build.0 = Release|Any CPU
	EndGlobalSection
	GlobalSection(SolutionProperties) = preSolution
		HideSolutionNode = FALSE
	EndGlobalSection
EndGlobal
